// !$*UTF8*$!
{
	archiveVersion = 1;
	classes = {
	};
	objectVersion = 50;
	objects = {

/* Begin PBXBuildFile section */
		221A0CD524781BF700A46E1E /* User.swift in Sources */ = {isa = PBXBuildFile; fileRef = 221A0CD424781BF700A46E1E /* User.swift */; };
		221B088C248702B000CE8A9B /* OfferShowController.swift in Sources */ = {isa = PBXBuildFile; fileRef = 221B088B248702B000CE8A9B /* OfferShowController.swift */; };
		221B088E2487098A00CE8A9B /* NeighborController.swift in Sources */ = {isa = PBXBuildFile; fileRef = 221B088D2487098A00CE8A9B /* NeighborController.swift */; };
		221B08902487A2F800CE8A9B /* OfferEditController.swift in Sources */ = {isa = PBXBuildFile; fileRef = 221B088F2487A2F800CE8A9B /* OfferEditController.swift */; };
		221B08922487A54C00CE8A9B /* Offer.swift in Sources */ = {isa = PBXBuildFile; fileRef = 221B08912487A54C00CE8A9B /* Offer.swift */; };
		2253260924753B1E00B35802 /* OffersViewController.swift in Sources */ = {isa = PBXBuildFile; fileRef = 2253260824753B1E00B35802 /* OffersViewController.swift */; };
		2260843524700BD700D30E81 /* AppDelegate.swift in Sources */ = {isa = PBXBuildFile; fileRef = 2260843424700BD700D30E81 /* AppDelegate.swift */; };
		2260843724700BD700D30E81 /* SceneDelegate.swift in Sources */ = {isa = PBXBuildFile; fileRef = 2260843624700BD700D30E81 /* SceneDelegate.swift */; };
		2260843924700BD700D30E81 /* NeighborsController.swift in Sources */ = {isa = PBXBuildFile; fileRef = 2260843824700BD700D30E81 /* NeighborsController.swift */; };
		2260843B24700BD700D30E81 /* MessagesViewController.swift in Sources */ = {isa = PBXBuildFile; fileRef = 2260843A24700BD700D30E81 /* MessagesViewController.swift */; };
		2260843E24700BD700D30E81 /* Main.storyboard in Resources */ = {isa = PBXBuildFile; fileRef = 2260843C24700BD700D30E81 /* Main.storyboard */; };
		2260844024700BDB00D30E81 /* Assets.xcassets in Resources */ = {isa = PBXBuildFile; fileRef = 2260843F24700BDB00D30E81 /* Assets.xcassets */; };
		2260844324700BDB00D30E81 /* LaunchScreen.storyboard in Resources */ = {isa = PBXBuildFile; fileRef = 2260844124700BDB00D30E81 /* LaunchScreen.storyboard */; };
/* End PBXBuildFile section */

/* Begin PBXFileReference section */
		221A0CD424781BF700A46E1E /* User.swift */ = {isa = PBXFileReference; lastKnownFileType = sourcecode.swift; path = User.swift; sourceTree = "<group>"; };
		221B088B248702B000CE8A9B /* OfferShowController.swift */ = {isa = PBXFileReference; lastKnownFileType = sourcecode.swift; path = OfferShowController.swift; sourceTree = "<group>"; };
		221B088D2487098A00CE8A9B /* NeighborController.swift */ = {isa = PBXFileReference; lastKnownFileType = sourcecode.swift; path = NeighborController.swift; sourceTree = "<group>"; };
		221B088F2487A2F800CE8A9B /* OfferEditController.swift */ = {isa = PBXFileReference; lastKnownFileType = sourcecode.swift; path = OfferEditController.swift; sourceTree = "<group>"; };
		221B08912487A54C00CE8A9B /* Offer.swift */ = {isa = PBXFileReference; lastKnownFileType = sourcecode.swift; path = Offer.swift; sourceTree = "<group>"; };
		2253260824753B1E00B35802 /* OffersViewController.swift */ = {isa = PBXFileReference; lastKnownFileType = sourcecode.swift; path = OffersViewController.swift; sourceTree = "<group>"; };
		2260843124700BD700D30E81 /* nextDoor.app */ = {isa = PBXFileReference; explicitFileType = wrapper.application; includeInIndex = 0; path = nextDoor.app; sourceTree = BUILT_PRODUCTS_DIR; };
		2260843424700BD700D30E81 /* AppDelegate.swift */ = {isa = PBXFileReference; lastKnownFileType = sourcecode.swift; path = AppDelegate.swift; sourceTree = "<group>"; };
		2260843624700BD700D30E81 /* SceneDelegate.swift */ = {isa = PBXFileReference; lastKnownFileType = sourcecode.swift; path = SceneDelegate.swift; sourceTree = "<group>"; };
		2260843824700BD700D30E81 /* NeighborsController.swift */ = {isa = PBXFileReference; lastKnownFileType = sourcecode.swift; path = NeighborsController.swift; sourceTree = "<group>"; };
		2260843A24700BD700D30E81 /* MessagesViewController.swift */ = {isa = PBXFileReference; lastKnownFileType = sourcecode.swift; path = MessagesViewController.swift; sourceTree = "<group>"; };
		2260843D24700BD700D30E81 /* Base */ = {isa = PBXFileReference; lastKnownFileType = file.storyboard; name = Base; path = Base.lproj/Main.storyboard; sourceTree = "<group>"; };
		2260843F24700BDB00D30E81 /* Assets.xcassets */ = {isa = PBXFileReference; lastKnownFileType = folder.assetcatalog; path = Assets.xcassets; sourceTree = "<group>"; };
		2260844224700BDB00D30E81 /* Base */ = {isa = PBXFileReference; lastKnownFileType = file.storyboard; name = Base; path = Base.lproj/LaunchScreen.storyboard; sourceTree = "<group>"; };
		2260844424700BDB00D30E81 /* Info.plist */ = {isa = PBXFileReference; lastKnownFileType = text.plist.xml; path = Info.plist; sourceTree = "<group>"; };
/* End PBXFileReference section */

/* Begin PBXFrameworksBuildPhase section */
		2260842E24700BD700D30E81 /* Frameworks */ = {
			isa = PBXFrameworksBuildPhase;
			buildActionMask = 2147483647;
			files = (
			);
			runOnlyForDeploymentPostprocessing = 0;
		};
/* End PBXFrameworksBuildPhase section */

/* Begin PBXGroup section */
		2260842824700BD700D30E81 = {
			isa = PBXGroup;
			children = (
				2260843324700BD700D30E81 /* nextDoor */,
				2260843224700BD700D30E81 /* Products */,
			);
			sourceTree = "<group>";
		};
		2260843224700BD700D30E81 /* Products */ = {
			isa = PBXGroup;
			children = (
				2260843124700BD700D30E81 /* nextDoor.app */,
			);
			name = Products;
			sourceTree = "<group>";
		};
		2260843324700BD700D30E81 /* nextDoor */ = {
			isa = PBXGroup;
			children = (
				2260843424700BD700D30E81 /* AppDelegate.swift */,
				221B088B248702B000CE8A9B /* OfferShowController.swift */,
				221B088F2487A2F800CE8A9B /* OfferEditController.swift */,
				221B088D2487098A00CE8A9B /* NeighborController.swift */,
				2260843624700BD700D30E81 /* SceneDelegate.swift */,
				2260843824700BD700D30E81 /* NeighborsController.swift */,
				2260843A24700BD700D30E81 /* MessagesViewController.swift */,
				2253260824753B1E00B35802 /* OffersViewController.swift */,
				2260843C24700BD700D30E81 /* Main.storyboard */,
				221A0CD424781BF700A46E1E /* User.swift */,
				221B08912487A54C00CE8A9B /* Offer.swift */,
				2260843F24700BDB00D30E81 /* Assets.xcassets */,
				2260844124700BDB00D30E81 /* LaunchScreen.storyboard */,
				2260844424700BDB00D30E81 /* Info.plist */,
			);
			path = nextDoor;
			sourceTree = "<group>";
		};
/* End PBXGroup section */

/* Begin PBXNativeTarget section */
		2260843024700BD700D30E81 /* nextDoor */ = {
			isa = PBXNativeTarget;
			buildConfigurationList = 2260844724700BDB00D30E81 /* Build configuration list for PBXNativeTarget "nextDoor" */;
			buildPhases = (
				2260842D24700BD700D30E81 /* Sources */,
				2260842E24700BD700D30E81 /* Frameworks */,
				2260842F24700BD700D30E81 /* Resources */,
			);
			buildRules = (
			);
			dependencies = (
			);
			name = nextDoor;
			productName = Neighbors;
			productReference = 2260843124700BD700D30E81 /* nextDoor.app */;
			productType = "com.apple.product-type.application";
		};
/* End PBXNativeTarget section */

/* Begin PBXProject section */
		2260842924700BD700D30E81 /* Project object */ = {
			isa = PBXProject;
			attributes = {
				LastSwiftUpdateCheck = 1140;
				LastUpgradeCheck = 1140;
				ORGANIZATIONNAME = "Tim Kohlstadt";
				TargetAttributes = {
					2260843024700BD700D30E81 = {
						CreatedOnToolsVersion = 11.4.1;
					};
				};
			};
			buildConfigurationList = 2260842C24700BD700D30E81 /* Build configuration list for PBXProject "nextDoor" */;
			compatibilityVersion = "Xcode 9.3";
			developmentRegion = en;
			hasScannedForEncodings = 0;
			knownRegions = (
				en,
				Base,
			);
			mainGroup = 2260842824700BD700D30E81;
			productRefGroup = 2260843224700BD700D30E81 /* Products */;
			projectDirPath = "";
			projectRoot = "";
			targets = (
				2260843024700BD700D30E81 /* nextDoor */,
			);
		};
/* End PBXProject section */

/* Begin PBXResourcesBuildPhase section */
		2260842F24700BD700D30E81 /* Resources */ = {
			isa = PBXResourcesBuildPhase;
			buildActionMask = 2147483647;
			files = (
				2260844324700BDB00D30E81 /* LaunchScreen.storyboard in Resources */,
				2260844024700BDB00D30E81 /* Assets.xcassets in Resources */,
				2260843E24700BD700D30E81 /* Main.storyboard in Resources */,
			);
			runOnlyForDeploymentPostprocessing = 0;
		};
/* End PBXResourcesBuildPhase section */

/* Begin PBXSourcesBuildPhase section */
		2260842D24700BD700D30E81 /* Sources */ = {
			isa = PBXSourcesBuildPhase;
			buildActionMask = 2147483647;
			files = (
				2260843B24700BD700D30E81 /* MessagesViewController.swift in Sources */,
				2260843924700BD700D30E81 /* NeighborsController.swift in Sources */,
				221A0CD524781BF700A46E1E /* User.swift in Sources */,
				2253260924753B1E00B35802 /* OffersViewController.swift in Sources */,
				221B08922487A54C00CE8A9B /* Offer.swift in Sources */,
				221B08902487A2F800CE8A9B /* OfferEditController.swift in Sources */,
				221B088C248702B000CE8A9B /* OfferShowController.swift in Sources */,
				221B088E2487098A00CE8A9B /* NeighborController.swift in Sources */,
				2260843524700BD700D30E81 /* AppDelegate.swift in Sources */,
				2260843724700BD700D30E81 /* SceneDelegate.swift in Sources */,
			);
			runOnlyForDeploymentPostprocessing = 0;
		};
/* End PBXSourcesBuildPhase section */

/* Begin PBXVariantGroup section */
		2260843C24700BD700D30E81 /* Main.storyboard */ = {
			isa = PBXVariantGroup;
			children = (
				2260843D24700BD700D30E81 /* Base */,
			);
			name = Main.storyboard;
			sourceTree = "<group>";
		};
		2260844124700BDB00D30E81 /* LaunchScreen.storyboard */ = {
			isa = PBXVariantGroup;
			children = (
				2260844224700BDB00D30E81 /* Base */,
			);
			name = LaunchScreen.storyboard;
			sourceTree = "<group>";
		};
/* End PBXVariantGroup section */

/* Begin XCBuildConfiguration section */
		2260844524700BDB00D30E81 /* Debug */ = {
			isa = XCBuildConfiguration;
			buildSettings = {
				ALWAYS_SEARCH_USER_PATHS = NO;
				CLANG_ANALYZER_NONNULL = YES;
				CLANG_ANALYZER_NUMBER_OBJECT_CONVERSION = YES_AGGRESSIVE;
				CLANG_CXX_LANGUAGE_STANDARD = "gnu++14";
				CLANG_CXX_LIBRARY = "libc++";
				CLANG_ENABLE_MODULES = YES;
				CLANG_ENABLE_OBJC_ARC = YES;
				CLANG_ENABLE_OBJC_WEAK = YES;
				CLANG_WARN_BLOCK_CAPTURE_AUTORELEASING = YES;
				CLANG_WARN_BOOL_CONVERSION = YES;
				CLANG_WARN_COMMA = YES;
				CLANG_WARN_CONSTANT_CONVERSION = YES;
				CLANG_WARN_DEPRECATED_OBJC_IMPLEMENTATIONS = YES;
				CLANG_WARN_DIRECT_OBJC_ISA_USAGE = YES_ERROR;
				CLANG_WARN_DOCUMENTATION_COMMENTS = YES;
				CLANG_WARN_EMPTY_BODY = YES;
				CLANG_WARN_ENUM_CONVERSION = YES;
				CLANG_WARN_INFINITE_RECURSION = YES;
				CLANG_WARN_INT_CONVERSION = YES;
				CLANG_WARN_NON_LITERAL_NULL_CONVERSION = YES;
				CLANG_WARN_OBJC_IMPLICIT_RETAIN_SELF = YES;
				CLANG_WARN_OBJC_LITERAL_CONVERSION = YES;
				CLANG_WARN_OBJC_ROOT_CLASS = YES_ERROR;
				CLANG_WARN_RANGE_LOOP_ANALYSIS = YES;
				CLANG_WARN_STRICT_PROTOTYPES = YES;
				CLANG_WARN_SUSPICIOUS_MOVE = YES;
				CLANG_WARN_UNGUARDED_AVAILABILITY = YES_AGGRESSIVE;
				CLANG_WARN_UNREACHABLE_CODE = YES;
				CLANG_WARN__DUPLICATE_METHOD_MATCH = YES;
				COPY_PHASE_STRIP = NO;
				DEBUG_INFORMATION_FORMAT = dwarf;
				ENABLE_STRICT_OBJC_MSGSEND = YES;
				ENABLE_TESTABILITY = YES;
				GCC_C_LANGUAGE_STANDARD = gnu11;
				GCC_DYNAMIC_NO_PIC = NO;
				GCC_NO_COMMON_BLOCKS = YES;
				GCC_OPTIMIZATION_LEVEL = 0;
				GCC_PREPROCESSOR_DEFINITIONS = (
					"DEBUG=1",
					"$(inherited)",
				);
				GCC_WARN_64_TO_32_BIT_CONVERSION = YES;
				GCC_WARN_ABOUT_RETURN_TYPE = YES_ERROR;
				GCC_WARN_UNDECLARED_SELECTOR = YES;
				GCC_WARN_UNINITIALIZED_AUTOS = YES_AGGRESSIVE;
				GCC_WARN_UNUSED_FUNCTION = YES;
				GCC_WARN_UNUSED_VARIABLE = YES;
				IPHONEOS_DEPLOYMENT_TARGET = 13.4;
				MTL_ENABLE_DEBUG_INFO = INCLUDE_SOURCE;
				MTL_FAST_MATH = YES;
				ONLY_ACTIVE_ARCH = YES;
				SDKROOT = iphoneos;
				SWIFT_ACTIVE_COMPILATION_CONDITIONS = DEBUG;
				SWIFT_OPTIMIZATION_LEVEL = "-Onone";
			};
			name = Debug;
		};
		2260844624700BDB00D30E81 /* Release */ = {
			isa = XCBuildConfiguration;
			buildSettings = {
				ALWAYS_SEARCH_USER_PATHS = NO;
				CLANG_ANALYZER_NONNULL = YES;
				CLANG_ANALYZER_NUMBER_OBJECT_CONVERSION = YES_AGGRESSIVE;
				CLANG_CXX_LANGUAGE_STANDARD = "gnu++14";
				CLANG_CXX_LIBRARY = "libc++";
				CLANG_ENABLE_MODULES = YES;
				CLANG_ENABLE_OBJC_ARC = YES;
				CLANG_ENABLE_OBJC_WEAK = YES;
				CLANG_WARN_BLOCK_CAPTURE_AUTORELEASING = YES;
				CLANG_WARN_BOOL_CONVERSION = YES;
				CLANG_WARN_COMMA = YES;
				CLANG_WARN_CONSTANT_CONVERSION = YES;
				CLANG_WARN_DEPRECATED_OBJC_IMPLEMENTATIONS = YES;
				CLANG_WARN_DIRECT_OBJC_ISA_USAGE = YES_ERROR;
				CLANG_WARN_DOCUMENTATION_COMMENTS = YES;
				CLANG_WARN_EMPTY_BODY = YES;
				CLANG_WARN_ENUM_CONVERSION = YES;
				CLANG_WARN_INFINITE_RECURSION = YES;
				CLANG_WARN_INT_CONVERSION = YES;
				CLANG_WARN_NON_LITERAL_NULL_CONVERSION = YES;
				CLANG_WARN_OBJC_IMPLICIT_RETAIN_SELF = YES;
				CLANG_WARN_OBJC_LITERAL_CONVERSION = YES;
				CLANG_WARN_OBJC_ROOT_CLASS = YES_ERROR;
				CLANG_WARN_RANGE_LOOP_ANALYSIS = YES;
				CLANG_WARN_STRICT_PROTOTYPES = YES;
				CLANG_WARN_SUSPICIOUS_MOVE = YES;
				CLANG_WARN_UNGUARDED_AVAILABILITY = YES_AGGRESSIVE;
				CLANG_WARN_UNREACHABLE_CODE = YES;
				CLANG_WARN__DUPLICATE_METHOD_MATCH = YES;
				COPY_PHASE_STRIP = NO;
				DEBUG_INFORMATION_FORMAT = "dwarf-with-dsym";
				ENABLE_NS_ASSERTIONS = NO;
				ENABLE_STRICT_OBJC_MSGSEND = YES;
				GCC_C_LANGUAGE_STANDARD = gnu11;
				GCC_NO_COMMON_BLOCKS = YES;
				GCC_WARN_64_TO_32_BIT_CONVERSION = YES;
				GCC_WARN_ABOUT_RETURN_TYPE = YES_ERROR;
				GCC_WARN_UNDECLARED_SELECTOR = YES;
				GCC_WARN_UNINITIALIZED_AUTOS = YES_AGGRESSIVE;
				GCC_WARN_UNUSED_FUNCTION = YES;
				GCC_WARN_UNUSED_VARIABLE = YES;
				IPHONEOS_DEPLOYMENT_TARGET = 13.4;
				MTL_ENABLE_DEBUG_INFO = NO;
				MTL_FAST_MATH = YES;
				SDKROOT = iphoneos;
				SWIFT_COMPILATION_MODE = wholemodule;
				SWIFT_OPTIMIZATION_LEVEL = "-O";
				VALIDATE_PRODUCT = YES;
			};
			name = Release;
		};
		2260844824700BDB00D30E81 /* Debug */ = {
			isa = XCBuildConfiguration;
			buildSettings = {
				ASSETCATALOG_COMPILER_APPICON_NAME = AppIcon;
				CODE_SIGN_STYLE = Automatic;
				DEVELOPMENT_TEAM = F2ZH5CX4BX;
				INFOPLIST_FILE = nextDoor/Info.plist;
				IPHONEOS_DEPLOYMENT_TARGET = 13.5;
				LD_RUNPATH_SEARCH_PATHS = (
					"$(inherited)",
					"@executable_path/Frameworks",
				);
				PRODUCT_BUNDLE_IDENTIFIER = tim.kohlstadt.nextDoor;
				PRODUCT_NAME = "$(TARGET_NAME)";
				SWIFT_VERSION = 5.0;
				TARGETED_DEVICE_FAMILY = 1;
			};
			name = Debug;
		};
		2260844924700BDB00D30E81 /* Release */ = {
			isa = XCBuildConfiguration;
			buildSettings = {
				ASSETCATALOG_COMPILER_APPICON_NAME = AppIcon;
				CODE_SIGN_STYLE = Automatic;
				DEVELOPMENT_TEAM = F2ZH5CX4BX;
				INFOPLIST_FILE = nextDoor/Info.plist;
				IPHONEOS_DEPLOYMENT_TARGET = 13.5;
				LD_RUNPATH_SEARCH_PATHS = (
					"$(inherited)",
					"@executable_path/Frameworks",
				);
				PRODUCT_BUNDLE_IDENTIFIER = tim.kohlstadt.nextDoor;
				PRODUCT_NAME = "$(TARGET_NAME)";
				SWIFT_VERSION = 5.0;
				TARGETED_DEVICE_FAMILY = 1;
			};
			name = Release;
		};
/* End XCBuildConfiguration section */

/* Begin XCConfigurationList section */
		2260842C24700BD700D30E81 /* Build configuration list for PBXProject "nextDoor" */ = {
			isa = XCConfigurationList;
			buildConfigurations = (
				2260844524700BDB00D30E81 /* Debug */,
				2260844624700BDB00D30E81 /* Release */,
			);
			defaultConfigurationIsVisible = 0;
			defaultConfigurationName = Release;
		};
		2260844724700BDB00D30E81 /* Build configuration list for PBXNativeTarget "nextDoor" */ = {
			isa = XCConfigurationList;
			buildConfigurations = (
				2260844824700BDB00D30E81 /* Debug */,
				2260844924700BDB00D30E81 /* Release */,
			);
			defaultConfigurationIsVisible = 0;
			defaultConfigurationName = Release;
		};
/* End XCConfigurationList section */
	};
	rootObject = 2260842924700BD700D30E81 /* Project object */;
}
