// !$*UTF8*$!
{
	archiveVersion = 1;
	classes = {
	};
	objectVersion = 51;
	objects = {

/* Begin PBXBuildFile section */
		221860ED24C1989000490A80 /* Utility.swift in Sources */ = {isa = PBXBuildFile; fileRef = 221860EC24C1989000490A80 /* Utility.swift */; };
		221860F824C1DA3300490A80 /* UserTests.swift in Sources */ = {isa = PBXBuildFile; fileRef = 221860F724C1DA3300490A80 /* UserTests.swift */; };
		221A0CD524781BF700A46E1E /* User.swift in Sources */ = {isa = PBXBuildFile; fileRef = 221A0CD424781BF700A46E1E /* User.swift */; };
		221B088E2487098A00CE8A9B /* NeighborsTableViewController.swift in Sources */ = {isa = PBXBuildFile; fileRef = 221B088D2487098A00CE8A9B /* NeighborsTableViewController.swift */; };
		221B08902487A2F800CE8A9B /* OffersTableViewController.swift in Sources */ = {isa = PBXBuildFile; fileRef = 221B088F2487A2F800CE8A9B /* OffersTableViewController.swift */; };
		221B08922487A54C00CE8A9B /* Offer.swift in Sources */ = {isa = PBXBuildFile; fileRef = 221B08912487A54C00CE8A9B /* Offer.swift */; };
		2253260924753B1E00B35802 /* OfferTableViewController.swift in Sources */ = {isa = PBXBuildFile; fileRef = 2253260824753B1E00B35802 /* OfferTableViewController.swift */; };
		2260843524700BD700D30E81 /* AppDelegate.swift in Sources */ = {isa = PBXBuildFile; fileRef = 2260843424700BD700D30E81 /* AppDelegate.swift */; };
		2260843724700BD700D30E81 /* SceneDelegate.swift in Sources */ = {isa = PBXBuildFile; fileRef = 2260843624700BD700D30E81 /* SceneDelegate.swift */; };
		2260843E24700BD700D30E81 /* Main.storyboard in Resources */ = {isa = PBXBuildFile; fileRef = 2260843C24700BD700D30E81 /* Main.storyboard */; };
		2260844024700BDB00D30E81 /* Assets.xcassets in Resources */ = {isa = PBXBuildFile; fileRef = 2260843F24700BDB00D30E81 /* Assets.xcassets */; };
		2260844324700BDB00D30E81 /* LaunchScreen.storyboard in Resources */ = {isa = PBXBuildFile; fileRef = 2260844124700BDB00D30E81 /* LaunchScreen.storyboard */; };
		226DC60024916A5600C30B4A /* ChatsTableViewController.swift in Sources */ = {isa = PBXBuildFile; fileRef = 226DC5FF24916A5600C30B4A /* ChatsTableViewController.swift */; };
		226F1C0B2490DA5F007F709D /* NeighborTableViewController.swift in Sources */ = {isa = PBXBuildFile; fileRef = 226F1C0A2490DA5F007F709D /* NeighborTableViewController.swift */; };
		22739ED324AA460E00D27D8A /* Settings.storyboard in Resources */ = {isa = PBXBuildFile; fileRef = 22739ED224AA460E00D27D8A /* Settings.storyboard */; };
		22739ED924AA604500D27D8A /* Sortable.storyboard in Resources */ = {isa = PBXBuildFile; fileRef = 22739ED824AA604500D27D8A /* Sortable.storyboard */; };
		22739EDB24AA614600D27D8A /* Neighbors.storyboard in Resources */ = {isa = PBXBuildFile; fileRef = 22739EDA24AA614600D27D8A /* Neighbors.storyboard */; };
		22739EDD24AA62CA00D27D8A /* Chats.storyboard in Resources */ = {isa = PBXBuildFile; fileRef = 22739EDC24AA62CA00D27D8A /* Chats.storyboard */; };
		22739EE524AA673600D27D8A /* Offers.storyboard in Resources */ = {isa = PBXBuildFile; fileRef = 22739EE424AA673600D27D8A /* Offers.storyboard */; };
		22AAADC02491654300542F5E /* Message.swift in Sources */ = {isa = PBXBuildFile; fileRef = 22AAADBF2491654300542F5E /* Message.swift */; };
		22AAADC22491657C00542F5E /* Chat.swift in Sources */ = {isa = PBXBuildFile; fileRef = 22AAADC12491657C00542F5E /* Chat.swift */; };
		22DDE23424CA1B3400232DF2 /* FullScreenImageViewController.xib in Resources */ = {isa = PBXBuildFile; fileRef = 22DDE23324CA1B3400232DF2 /* FullScreenImageViewController.xib */; };
		22DDE23624CA1F6600232DF2 /* FullScreenImageViewController.swift in Sources */ = {isa = PBXBuildFile; fileRef = 22DDE23524CA1F6600232DF2 /* FullScreenImageViewController.swift */; };
		22ECD957249F6FAD002B8F82 /* Fonts.swift in Sources */ = {isa = PBXBuildFile; fileRef = 22ECD956249F6FAD002B8F82 /* Fonts.swift */; };
		22ECD965249F860A002B8F82 /* OpenSans-Regular.ttf in Resources */ = {isa = PBXBuildFile; fileRef = 22ECD95B249F85FA002B8F82 /* OpenSans-Regular.ttf */; };
		22ECD966249F860A002B8F82 /* OpenSans-BoldItalic.ttf in Resources */ = {isa = PBXBuildFile; fileRef = 22ECD95C249F85FC002B8F82 /* OpenSans-BoldItalic.ttf */; };
		22ECD967249F860A002B8F82 /* OpenSans-LightItalic.ttf in Resources */ = {isa = PBXBuildFile; fileRef = 22ECD95D249F85FE002B8F82 /* OpenSans-LightItalic.ttf */; };
		22ECD968249F860A002B8F82 /* OpenSans-Bold.ttf in Resources */ = {isa = PBXBuildFile; fileRef = 22ECD95E249F8600002B8F82 /* OpenSans-Bold.ttf */; };
		22ECD969249F860A002B8F82 /* OpenSans-SemiboldItalic.ttf in Resources */ = {isa = PBXBuildFile; fileRef = 22ECD95F249F8602002B8F82 /* OpenSans-SemiboldItalic.ttf */; };
		22ECD96A249F860A002B8F82 /* OpenSans-ExtraBold.ttf in Resources */ = {isa = PBXBuildFile; fileRef = 22ECD960249F8604002B8F82 /* OpenSans-ExtraBold.ttf */; };
		22ECD96B249F860A002B8F82 /* OpenSans-ExtraBoldItalic.ttf in Resources */ = {isa = PBXBuildFile; fileRef = 22ECD961249F8605002B8F82 /* OpenSans-ExtraBoldItalic.ttf */; };
		22ECD96C249F860A002B8F82 /* OpenSans-Light.ttf in Resources */ = {isa = PBXBuildFile; fileRef = 22ECD962249F8607002B8F82 /* OpenSans-Light.ttf */; };
		22ECD96D249F860A002B8F82 /* OpenSans-Italic.ttf in Resources */ = {isa = PBXBuildFile; fileRef = 22ECD963249F8608002B8F82 /* OpenSans-Italic.ttf */; };
		22ECD96E249F860A002B8F82 /* OpenSans-Semibold.ttf in Resources */ = {isa = PBXBuildFile; fileRef = 22ECD964249F860A002B8F82 /* OpenSans-Semibold.ttf */; };
		22FC0F9F24C46768008DA855 /* User.swift in Sources */ = {isa = PBXBuildFile; fileRef = 221A0CD424781BF700A46E1E /* User.swift */; };
		22FC0FA124C46931008DA855 /* OfferTests.swift in Sources */ = {isa = PBXBuildFile; fileRef = 22FC0FA024C46931008DA855 /* OfferTests.swift */; };
		22FC0FA324C46943008DA855 /* ChatTests.swift in Sources */ = {isa = PBXBuildFile; fileRef = 22FC0FA224C46943008DA855 /* ChatTests.swift */; };
		22FC0FA524C46951008DA855 /* MessageTests.swift in Sources */ = {isa = PBXBuildFile; fileRef = 22FC0FA424C46950008DA855 /* MessageTests.swift */; };
		22FC0FA624C47156008DA855 /* Offer.swift in Sources */ = {isa = PBXBuildFile; fileRef = 221B08912487A54C00CE8A9B /* Offer.swift */; };
		22FC0FA724C48290008DA855 /* Chat.swift in Sources */ = {isa = PBXBuildFile; fileRef = 22AAADC12491657C00542F5E /* Chat.swift */; };
		22FC0FA824C49299008DA855 /* Message.swift in Sources */ = {isa = PBXBuildFile; fileRef = 22AAADBF2491654300542F5E /* Message.swift */; };
		5362BD15FD256BA819AC56A9 /* Pods_nextStudents.framework in Frameworks */ = {isa = PBXBuildFile; fileRef = 0033BA71BBCB7AFF9FCF2C5D /* Pods_nextStudents.framework */; };
		8F031AC5248A967A00EC0F02 /* ChatViewController.swift in Sources */ = {isa = PBXBuildFile; fileRef = 8F031AC4248A967A00EC0F02 /* ChatViewController.swift */; };
		8F03AEB124CB449A000D815D /* RequestsTableViewController.swift in Sources */ = {isa = PBXBuildFile; fileRef = 8F03AEB024CB449A000D815D /* RequestsTableViewController.swift */; };
		8F0B560A248C059700703F0A /* GoogleService-Info.plist in Resources */ = {isa = PBXBuildFile; fileRef = 8F0B5609248C059700703F0A /* GoogleService-Info.plist */; };
		8F0B560E248FA60B00703F0A /* MainController.swift in Sources */ = {isa = PBXBuildFile; fileRef = 8F0B560D248FA60B00703F0A /* MainController.swift */; };
		8F1F630524C0464600DF70BD /* NeighborPopOverController.swift in Sources */ = {isa = PBXBuildFile; fileRef = 8F1F630424C0464600DF70BD /* NeighborPopOverController.swift */; };
		8F22337C24A62148003EC2D4 /* SortTableViewController.swift in Sources */ = {isa = PBXBuildFile; fileRef = 8F22337B24A62148003EC2D4 /* SortTableViewController.swift */; };
		8F22337E24A63057003EC2D4 /* ContainerViewController.swift in Sources */ = {isa = PBXBuildFile; fileRef = 8F22337D24A63057003EC2D4 /* ContainerViewController.swift */; };
		8F22338024A8A03B003EC2D4 /* SortableTableViewController.swift in Sources */ = {isa = PBXBuildFile; fileRef = 8F22337F24A8A03B003EC2D4 /* SortableTableViewController.swift */; };
		8F24BCBC24C6F659002FF456 /* OfferPopOverController.swift in Sources */ = {isa = PBXBuildFile; fileRef = 8F24BCBB24C6F659002FF456 /* OfferPopOverController.swift */; };
		8F250FCD2494D33B00A6CD39 /* OfferEditTableViewController.swift in Sources */ = {isa = PBXBuildFile; fileRef = 8F250FCC2494D33B00A6CD39 /* OfferEditTableViewController.swift */; };
		8F5981D4248AAA7F0019C3BD /* LoginViewController.swift in Sources */ = {isa = PBXBuildFile; fileRef = 8F5981D3248AAA7F0019C3BD /* LoginViewController.swift */; };
		8F803B5D248BA0730026E9E7 /* RegistrationViewController.swift in Sources */ = {isa = PBXBuildFile; fileRef = 8F803B5C248BA0730026E9E7 /* RegistrationViewController.swift */; };
		8FC6C4E7248808A900572566 /* SettingsTableViewController.swift in Sources */ = {isa = PBXBuildFile; fileRef = 8FC6C4E6248808A900572566 /* SettingsTableViewController.swift */; };
		8FC6C4E92488E7A700572566 /* ProfileViewController.swift in Sources */ = {isa = PBXBuildFile; fileRef = 8FC6C4E82488E7A700572566 /* ProfileViewController.swift */; };
		8FC6C4EB2488E7C200572566 /* PasswordViewController.swift in Sources */ = {isa = PBXBuildFile; fileRef = 8FC6C4EA2488E7C200572566 /* PasswordViewController.swift */; };
		8FCADB93249CC67000795221 /* SliderTextComponent.swift in Sources */ = {isa = PBXBuildFile; fileRef = 8FCADB92249CC67000795221 /* SliderTextComponent.swift */; };
		EBFE10C02CCDB5D40AC41603 /* Pods_nextStudentsTests.framework in Frameworks */ = {isa = PBXBuildFile; fileRef = FA1F7033B8A0D31863A6A898 /* Pods_nextStudentsTests.framework */; };
/* End PBXBuildFile section */

/* Begin PBXContainerItemProxy section */
		22CE93EC24ADCF85001287C1 /* PBXContainerItemProxy */ = {
			isa = PBXContainerItemProxy;
			containerPortal = 2260842924700BD700D30E81 /* Project object */;
			proxyType = 1;
			remoteGlobalIDString = 2260843024700BD700D30E81;
			remoteInfo = nextDoor;
		};
/* End PBXContainerItemProxy section */

/* Begin PBXFileReference section */
		0033BA71BBCB7AFF9FCF2C5D /* Pods_nextStudents.framework */ = {isa = PBXFileReference; explicitFileType = wrapper.framework; includeInIndex = 0; path = Pods_nextStudents.framework; sourceTree = BUILT_PRODUCTS_DIR; };
		221860EC24C1989000490A80 /* Utility.swift */ = {isa = PBXFileReference; lastKnownFileType = sourcecode.swift; path = Utility.swift; sourceTree = "<group>"; };
		221860F724C1DA3300490A80 /* UserTests.swift */ = {isa = PBXFileReference; lastKnownFileType = sourcecode.swift; path = UserTests.swift; sourceTree = "<group>"; };
		221A0CD424781BF700A46E1E /* User.swift */ = {isa = PBXFileReference; lastKnownFileType = sourcecode.swift; path = User.swift; sourceTree = "<group>"; };
		221B088D2487098A00CE8A9B /* NeighborsTableViewController.swift */ = {isa = PBXFileReference; lastKnownFileType = sourcecode.swift; path = NeighborsTableViewController.swift; sourceTree = "<group>"; };
		221B088F2487A2F800CE8A9B /* OffersTableViewController.swift */ = {isa = PBXFileReference; lastKnownFileType = sourcecode.swift; path = OffersTableViewController.swift; sourceTree = "<group>"; };
		221B08912487A54C00CE8A9B /* Offer.swift */ = {isa = PBXFileReference; lastKnownFileType = sourcecode.swift; path = Offer.swift; sourceTree = "<group>"; };
		2253260824753B1E00B35802 /* OfferTableViewController.swift */ = {isa = PBXFileReference; lastKnownFileType = sourcecode.swift; path = OfferTableViewController.swift; sourceTree = "<group>"; };
		2260843124700BD700D30E81 /* nextStudents.app */ = {isa = PBXFileReference; explicitFileType = wrapper.application; includeInIndex = 0; path = nextStudents.app; sourceTree = BUILT_PRODUCTS_DIR; };
		2260843424700BD700D30E81 /* AppDelegate.swift */ = {isa = PBXFileReference; lastKnownFileType = sourcecode.swift; path = AppDelegate.swift; sourceTree = "<group>"; };
		2260843624700BD700D30E81 /* SceneDelegate.swift */ = {isa = PBXFileReference; lastKnownFileType = sourcecode.swift; path = SceneDelegate.swift; sourceTree = "<group>"; };
		2260843D24700BD700D30E81 /* Base */ = {isa = PBXFileReference; lastKnownFileType = file.storyboard; name = Base; path = Base.lproj/Main.storyboard; sourceTree = "<group>"; };
		2260843F24700BDB00D30E81 /* Assets.xcassets */ = {isa = PBXFileReference; lastKnownFileType = folder.assetcatalog; path = Assets.xcassets; sourceTree = "<group>"; };
		2260844224700BDB00D30E81 /* Base */ = {isa = PBXFileReference; lastKnownFileType = file.storyboard; name = Base; path = Base.lproj/LaunchScreen.storyboard; sourceTree = "<group>"; };
		2260844424700BDB00D30E81 /* Info.plist */ = {isa = PBXFileReference; lastKnownFileType = text.plist.xml; path = Info.plist; sourceTree = "<group>"; };
		226DC5FF24916A5600C30B4A /* ChatsTableViewController.swift */ = {isa = PBXFileReference; lastKnownFileType = sourcecode.swift; path = ChatsTableViewController.swift; sourceTree = "<group>"; };
		226F1C0A2490DA5F007F709D /* NeighborTableViewController.swift */ = {isa = PBXFileReference; lastKnownFileType = sourcecode.swift; path = NeighborTableViewController.swift; sourceTree = "<group>"; };
		22739ED224AA460E00D27D8A /* Settings.storyboard */ = {isa = PBXFileReference; fileEncoding = 4; lastKnownFileType = file.storyboard; path = Settings.storyboard; sourceTree = "<group>"; };
		22739ED824AA604500D27D8A /* Sortable.storyboard */ = {isa = PBXFileReference; fileEncoding = 4; lastKnownFileType = file.storyboard; path = Sortable.storyboard; sourceTree = "<group>"; };
		22739EDA24AA614600D27D8A /* Neighbors.storyboard */ = {isa = PBXFileReference; fileEncoding = 4; lastKnownFileType = file.storyboard; path = Neighbors.storyboard; sourceTree = "<group>"; };
		22739EDC24AA62CA00D27D8A /* Chats.storyboard */ = {isa = PBXFileReference; fileEncoding = 4; lastKnownFileType = file.storyboard; path = Chats.storyboard; sourceTree = "<group>"; };
		22739EE424AA673600D27D8A /* Offers.storyboard */ = {isa = PBXFileReference; fileEncoding = 4; lastKnownFileType = file.storyboard; path = Offers.storyboard; sourceTree = "<group>"; };
		22AAADBF2491654300542F5E /* Message.swift */ = {isa = PBXFileReference; lastKnownFileType = sourcecode.swift; path = Message.swift; sourceTree = "<group>"; };
		22AAADC12491657C00542F5E /* Chat.swift */ = {isa = PBXFileReference; lastKnownFileType = sourcecode.swift; path = Chat.swift; sourceTree = "<group>"; };
		22CE93E724ADCF85001287C1 /* nextStudentsTests.xctest */ = {isa = PBXFileReference; explicitFileType = wrapper.cfbundle; includeInIndex = 0; path = nextStudentsTests.xctest; sourceTree = BUILT_PRODUCTS_DIR; };
		22CE93EB24ADCF85001287C1 /* Info.plist */ = {isa = PBXFileReference; lastKnownFileType = text.plist.xml; path = Info.plist; sourceTree = "<group>"; };
		22DDE23324CA1B3400232DF2 /* FullScreenImageViewController.xib */ = {isa = PBXFileReference; lastKnownFileType = file.xib; path = FullScreenImageViewController.xib; sourceTree = "<group>"; };
		22DDE23524CA1F6600232DF2 /* FullScreenImageViewController.swift */ = {isa = PBXFileReference; lastKnownFileType = sourcecode.swift; path = FullScreenImageViewController.swift; sourceTree = "<group>"; };
		22ECD956249F6FAD002B8F82 /* Fonts.swift */ = {isa = PBXFileReference; lastKnownFileType = sourcecode.swift; path = Fonts.swift; sourceTree = "<group>"; };
		22ECD95B249F85FA002B8F82 /* OpenSans-Regular.ttf */ = {isa = PBXFileReference; lastKnownFileType = file; path = "OpenSans-Regular.ttf"; sourceTree = "<group>"; };
		22ECD95C249F85FC002B8F82 /* OpenSans-BoldItalic.ttf */ = {isa = PBXFileReference; lastKnownFileType = file; path = "OpenSans-BoldItalic.ttf"; sourceTree = "<group>"; };
		22ECD95D249F85FE002B8F82 /* OpenSans-LightItalic.ttf */ = {isa = PBXFileReference; lastKnownFileType = file; path = "OpenSans-LightItalic.ttf"; sourceTree = "<group>"; };
		22ECD95E249F8600002B8F82 /* OpenSans-Bold.ttf */ = {isa = PBXFileReference; lastKnownFileType = file; path = "OpenSans-Bold.ttf"; sourceTree = "<group>"; };
		22ECD95F249F8602002B8F82 /* OpenSans-SemiboldItalic.ttf */ = {isa = PBXFileReference; lastKnownFileType = file; path = "OpenSans-SemiboldItalic.ttf"; sourceTree = "<group>"; };
		22ECD960249F8604002B8F82 /* OpenSans-ExtraBold.ttf */ = {isa = PBXFileReference; lastKnownFileType = file; path = "OpenSans-ExtraBold.ttf"; sourceTree = "<group>"; };
		22ECD961249F8605002B8F82 /* OpenSans-ExtraBoldItalic.ttf */ = {isa = PBXFileReference; lastKnownFileType = file; path = "OpenSans-ExtraBoldItalic.ttf"; sourceTree = "<group>"; };
		22ECD962249F8607002B8F82 /* OpenSans-Light.ttf */ = {isa = PBXFileReference; lastKnownFileType = file; path = "OpenSans-Light.ttf"; sourceTree = "<group>"; };
		22ECD963249F8608002B8F82 /* OpenSans-Italic.ttf */ = {isa = PBXFileReference; lastKnownFileType = file; path = "OpenSans-Italic.ttf"; sourceTree = "<group>"; };
		22ECD964249F860A002B8F82 /* OpenSans-Semibold.ttf */ = {isa = PBXFileReference; lastKnownFileType = file; path = "OpenSans-Semibold.ttf"; sourceTree = "<group>"; };
		22FC0FA024C46931008DA855 /* OfferTests.swift */ = {isa = PBXFileReference; lastKnownFileType = sourcecode.swift; path = OfferTests.swift; sourceTree = "<group>"; };
		22FC0FA224C46943008DA855 /* ChatTests.swift */ = {isa = PBXFileReference; lastKnownFileType = sourcecode.swift; path = ChatTests.swift; sourceTree = "<group>"; };
		22FC0FA424C46950008DA855 /* MessageTests.swift */ = {isa = PBXFileReference; lastKnownFileType = sourcecode.swift; path = MessageTests.swift; sourceTree = "<group>"; };
		3DB55472B5DB6363850ACD9A /* Pods-nextStudentsTests.release.xcconfig */ = {isa = PBXFileReference; includeInIndex = 1; lastKnownFileType = text.xcconfig; name = "Pods-nextStudentsTests.release.xcconfig"; path = "Target Support Files/Pods-nextStudentsTests/Pods-nextStudentsTests.release.xcconfig"; sourceTree = "<group>"; };
		42D29CEC6655A563017987B6 /* Pods-nextStudents.debug.xcconfig */ = {isa = PBXFileReference; includeInIndex = 1; lastKnownFileType = text.xcconfig; name = "Pods-nextStudents.debug.xcconfig"; path = "Target Support Files/Pods-nextStudents/Pods-nextStudents.debug.xcconfig"; sourceTree = "<group>"; };
		80861D8957637A7F5C4891CB /* Pods-nextStudentsTests.debug.xcconfig */ = {isa = PBXFileReference; includeInIndex = 1; lastKnownFileType = text.xcconfig; name = "Pods-nextStudentsTests.debug.xcconfig"; path = "Target Support Files/Pods-nextStudentsTests/Pods-nextStudentsTests.debug.xcconfig"; sourceTree = "<group>"; };
		8F031AC4248A967A00EC0F02 /* ChatViewController.swift */ = {isa = PBXFileReference; lastKnownFileType = sourcecode.swift; path = ChatViewController.swift; sourceTree = "<group>"; };
		8F03AEB024CB449A000D815D /* RequestsTableViewController.swift */ = {isa = PBXFileReference; lastKnownFileType = sourcecode.swift; path = RequestsTableViewController.swift; sourceTree = "<group>"; };
		8F0B5609248C059700703F0A /* GoogleService-Info.plist */ = {isa = PBXFileReference; fileEncoding = 4; lastKnownFileType = text.plist.xml; path = "GoogleService-Info.plist"; sourceTree = "<group>"; };
		8F0B560D248FA60B00703F0A /* MainController.swift */ = {isa = PBXFileReference; lastKnownFileType = sourcecode.swift; path = MainController.swift; sourceTree = "<group>"; };
		8F1F630424C0464600DF70BD /* NeighborPopOverController.swift */ = {isa = PBXFileReference; lastKnownFileType = sourcecode.swift; path = NeighborPopOverController.swift; sourceTree = "<group>"; };
		8F22337B24A62148003EC2D4 /* SortTableViewController.swift */ = {isa = PBXFileReference; lastKnownFileType = sourcecode.swift; path = SortTableViewController.swift; sourceTree = "<group>"; };
		8F22337D24A63057003EC2D4 /* ContainerViewController.swift */ = {isa = PBXFileReference; lastKnownFileType = sourcecode.swift; path = ContainerViewController.swift; sourceTree = "<group>"; };
		8F22337F24A8A03B003EC2D4 /* SortableTableViewController.swift */ = {isa = PBXFileReference; lastKnownFileType = sourcecode.swift; path = SortableTableViewController.swift; sourceTree = "<group>"; };
		8F24BCBB24C6F659002FF456 /* OfferPopOverController.swift */ = {isa = PBXFileReference; lastKnownFileType = sourcecode.swift; path = OfferPopOverController.swift; sourceTree = "<group>"; };
		8F250FCC2494D33B00A6CD39 /* OfferEditTableViewController.swift */ = {isa = PBXFileReference; lastKnownFileType = sourcecode.swift; path = OfferEditTableViewController.swift; sourceTree = "<group>"; };
		8F5981D3248AAA7F0019C3BD /* LoginViewController.swift */ = {isa = PBXFileReference; lastKnownFileType = sourcecode.swift; path = LoginViewController.swift; sourceTree = "<group>"; };
		8F803B5C248BA0730026E9E7 /* RegistrationViewController.swift */ = {isa = PBXFileReference; lastKnownFileType = sourcecode.swift; path = RegistrationViewController.swift; sourceTree = "<group>"; };
		8FC6C4E6248808A900572566 /* SettingsTableViewController.swift */ = {isa = PBXFileReference; lastKnownFileType = sourcecode.swift; path = SettingsTableViewController.swift; sourceTree = "<group>"; };
		8FC6C4E82488E7A700572566 /* ProfileViewController.swift */ = {isa = PBXFileReference; lastKnownFileType = sourcecode.swift; path = ProfileViewController.swift; sourceTree = "<group>"; xcLanguageSpecificationIdentifier = xcode.lang.swift; };
		8FC6C4EA2488E7C200572566 /* PasswordViewController.swift */ = {isa = PBXFileReference; lastKnownFileType = sourcecode.swift; path = PasswordViewController.swift; sourceTree = "<group>"; };
		8FCADB92249CC67000795221 /* SliderTextComponent.swift */ = {isa = PBXFileReference; lastKnownFileType = sourcecode.swift; path = SliderTextComponent.swift; sourceTree = "<group>"; };
		FA1F7033B8A0D31863A6A898 /* Pods_nextStudentsTests.framework */ = {isa = PBXFileReference; explicitFileType = wrapper.framework; includeInIndex = 0; path = Pods_nextStudentsTests.framework; sourceTree = BUILT_PRODUCTS_DIR; };
		FF4BA74089841653DF8E5AFB /* Pods-nextStudents.release.xcconfig */ = {isa = PBXFileReference; includeInIndex = 1; lastKnownFileType = text.xcconfig; name = "Pods-nextStudents.release.xcconfig"; path = "Target Support Files/Pods-nextStudents/Pods-nextStudents.release.xcconfig"; sourceTree = "<group>"; };
/* End PBXFileReference section */

/* Begin PBXFrameworksBuildPhase section */
		2260842E24700BD700D30E81 /* Frameworks */ = {
			isa = PBXFrameworksBuildPhase;
			buildActionMask = 2147483647;
			files = (
				5362BD15FD256BA819AC56A9 /* Pods_nextStudents.framework in Frameworks */,
			);
			runOnlyForDeploymentPostprocessing = 0;
		};
		22CE93E424ADCF85001287C1 /* Frameworks */ = {
			isa = PBXFrameworksBuildPhase;
			buildActionMask = 2147483647;
			files = (
				EBFE10C02CCDB5D40AC41603 /* Pods_nextStudentsTests.framework in Frameworks */,
			);
			runOnlyForDeploymentPostprocessing = 0;
		};
/* End PBXFrameworksBuildPhase section */

/* Begin PBXGroup section */
		221860EB24C1986200490A80 /* Utility */ = {
			isa = PBXGroup;
			children = (
				22ECD956249F6FAD002B8F82 /* Fonts.swift */,
				221860EC24C1989000490A80 /* Utility.swift */,
			);
			path = Utility;
			sourceTree = "<group>";
		};
		2260842824700BD700D30E81 = {
			isa = PBXGroup;
			children = (
				2260843324700BD700D30E81 /* nextStudents */,
				22CE93E824ADCF85001287C1 /* nextStudentsTests */,
				2260843224700BD700D30E81 /* Products */,
				53562F4D59636B0F1396BE58 /* Pods */,
				29DB1A41F983E3FE8CB50FF4 /* Frameworks */,
			);
			sourceTree = "<group>";
		};
		2260843224700BD700D30E81 /* Products */ = {
			isa = PBXGroup;
			children = (
				2260843124700BD700D30E81 /* nextStudents.app */,
				22CE93E724ADCF85001287C1 /* nextStudentsTests.xctest */,
			);
			name = Products;
			sourceTree = "<group>";
		};
		2260843324700BD700D30E81 /* nextStudents */ = {
			isa = PBXGroup;
			children = (
				22ECD95A249F85E0002B8F82 /* Fonts */,
				22CB9D62248E710200D87E3F /* Controllers */,
				22CB9D61248E70F200D87E3F /* Models */,
				22CB9D60248E70CE00D87E3F /* SupportingFiles */,
				221860EB24C1986200490A80 /* Utility */,
				22CB9D5F248E70BB00D87E3F /* Views */,
				2260844424700BDB00D30E81 /* Info.plist */,
			);
			path = nextStudents;
			sourceTree = "<group>";
		};
		229694A924AA3CCC0064FB75 /* Settings */ = {
			isa = PBXGroup;
			children = (
				8F03AEB024CB449A000D815D /* RequestsTableViewController.swift */,
				22739ED224AA460E00D27D8A /* Settings.storyboard */,
				8FC6C4E6248808A900572566 /* SettingsTableViewController.swift */,
				8FC6C4E82488E7A700572566 /* ProfileViewController.swift */,
				8FC6C4EA2488E7C200572566 /* PasswordViewController.swift */,
			);
			path = Settings;
			sourceTree = "<group>";
		};
		229694AA24AA3CDE0064FB75 /* Offers */ = {
			isa = PBXGroup;
			children = (
				22739EE424AA673600D27D8A /* Offers.storyboard */,
				221B088F2487A2F800CE8A9B /* OffersTableViewController.swift */,
				2253260824753B1E00B35802 /* OfferTableViewController.swift */,
				8F250FCC2494D33B00A6CD39 /* OfferEditTableViewController.swift */,
				8F24BCBB24C6F659002FF456 /* OfferPopOverController.swift */,
			);
			path = Offers;
			sourceTree = "<group>";
		};
		229694AB24AA3CF10064FB75 /* Chats */ = {
			isa = PBXGroup;
			children = (
				22739EDC24AA62CA00D27D8A /* Chats.storyboard */,
				226DC5FF24916A5600C30B4A /* ChatsTableViewController.swift */,
				8F031AC4248A967A00EC0F02 /* ChatViewController.swift */,
			);
			path = Chats;
			sourceTree = "<group>";
		};
		229694AC24AA3D040064FB75 /* Neighbors */ = {
			isa = PBXGroup;
			children = (
				8F1F630424C0464600DF70BD /* NeighborPopOverController.swift */,
				22739EDA24AA614600D27D8A /* Neighbors.storyboard */,
				221B088D2487098A00CE8A9B /* NeighborsTableViewController.swift */,
				226F1C0A2490DA5F007F709D /* NeighborTableViewController.swift */,
			);
			path = Neighbors;
			sourceTree = "<group>";
		};
		229694AD24AA3D140064FB75 /* Authentication */ = {
			isa = PBXGroup;
			children = (
				8F5981D3248AAA7F0019C3BD /* LoginViewController.swift */,
				8F803B5C248BA0730026E9E7 /* RegistrationViewController.swift */,
			);
			path = Authentication;
			sourceTree = "<group>";
		};
		229694AE24AA3D2F0064FB75 /* Sortable */ = {
			isa = PBXGroup;
			children = (
				22739ED824AA604500D27D8A /* Sortable.storyboard */,
				8F22337F24A8A03B003EC2D4 /* SortableTableViewController.swift */,
				8F22337B24A62148003EC2D4 /* SortTableViewController.swift */,
				8F22337D24A63057003EC2D4 /* ContainerViewController.swift */,
			);
			path = Sortable;
			sourceTree = "<group>";
		};
		22CB9D5F248E70BB00D87E3F /* Views */ = {
			isa = PBXGroup;
			children = (
				2260843C24700BD700D30E81 /* Main.storyboard */,
				8F0B560D248FA60B00703F0A /* MainController.swift */,
				229694AD24AA3D140064FB75 /* Authentication */,
				229694AC24AA3D040064FB75 /* Neighbors */,
				229694AB24AA3CF10064FB75 /* Chats */,
				229694AA24AA3CDE0064FB75 /* Offers */,
				229694A924AA3CCC0064FB75 /* Settings */,
				229694AE24AA3D2F0064FB75 /* Sortable */,
				22DDE23724CAD6B100232DF2 /* FullScreenImage */,
			);
			path = Views;
			sourceTree = "<group>";
		};
		22CB9D60248E70CE00D87E3F /* SupportingFiles */ = {
			isa = PBXGroup;
			children = (
				2260843F24700BDB00D30E81 /* Assets.xcassets */,
				8F0B5609248C059700703F0A /* GoogleService-Info.plist */,
				2260844124700BDB00D30E81 /* LaunchScreen.storyboard */,
			);
			path = SupportingFiles;
			sourceTree = "<group>";
		};
		22CB9D61248E70F200D87E3F /* Models */ = {
			isa = PBXGroup;
			children = (
				221A0CD424781BF700A46E1E /* User.swift */,
				221B08912487A54C00CE8A9B /* Offer.swift */,
				22AAADC12491657C00542F5E /* Chat.swift */,
				22AAADBF2491654300542F5E /* Message.swift */,
				8FCADB92249CC67000795221 /* SliderTextComponent.swift */,
			);
			path = Models;
			sourceTree = "<group>";
		};
		22CB9D62248E710200D87E3F /* Controllers */ = {
			isa = PBXGroup;
			children = (
				2260843424700BD700D30E81 /* AppDelegate.swift */,
				2260843624700BD700D30E81 /* SceneDelegate.swift */,
			);
			path = Controllers;
			sourceTree = "<group>";
		};
		22CE93E824ADCF85001287C1 /* nextStudentsTests */ = {
			isa = PBXGroup;
			children = (
				22CE93EB24ADCF85001287C1 /* Info.plist */,
				221860F724C1DA3300490A80 /* UserTests.swift */,
				22FC0FA024C46931008DA855 /* OfferTests.swift */,
				22FC0FA224C46943008DA855 /* ChatTests.swift */,
				22FC0FA424C46950008DA855 /* MessageTests.swift */,
			);
			path = nextStudentsTests;
			sourceTree = "<group>";
		};
		22DDE23724CAD6B100232DF2 /* FullScreenImage */ = {
			isa = PBXGroup;
			children = (
				22DDE23524CA1F6600232DF2 /* FullScreenImageViewController.swift */,
				22DDE23324CA1B3400232DF2 /* FullScreenImageViewController.xib */,
			);
			path = FullScreenImage;
			sourceTree = "<group>";
		};
		22ECD95A249F85E0002B8F82 /* Fonts */ = {
			isa = PBXGroup;
			children = (
				22ECD95E249F8600002B8F82 /* OpenSans-Bold.ttf */,
				22ECD95C249F85FC002B8F82 /* OpenSans-BoldItalic.ttf */,
				22ECD960249F8604002B8F82 /* OpenSans-ExtraBold.ttf */,
				22ECD961249F8605002B8F82 /* OpenSans-ExtraBoldItalic.ttf */,
				22ECD963249F8608002B8F82 /* OpenSans-Italic.ttf */,
				22ECD962249F8607002B8F82 /* OpenSans-Light.ttf */,
				22ECD95D249F85FE002B8F82 /* OpenSans-LightItalic.ttf */,
				22ECD95B249F85FA002B8F82 /* OpenSans-Regular.ttf */,
				22ECD964249F860A002B8F82 /* OpenSans-Semibold.ttf */,
				22ECD95F249F8602002B8F82 /* OpenSans-SemiboldItalic.ttf */,
			);
			path = Fonts;
			sourceTree = "<group>";
		};
		29DB1A41F983E3FE8CB50FF4 /* Frameworks */ = {
			isa = PBXGroup;
			children = (
				0033BA71BBCB7AFF9FCF2C5D /* Pods_nextStudents.framework */,
				FA1F7033B8A0D31863A6A898 /* Pods_nextStudentsTests.framework */,
			);
			name = Frameworks;
			sourceTree = "<group>";
		};
		53562F4D59636B0F1396BE58 /* Pods */ = {
			isa = PBXGroup;
			children = (
				42D29CEC6655A563017987B6 /* Pods-nextStudents.debug.xcconfig */,
				FF4BA74089841653DF8E5AFB /* Pods-nextStudents.release.xcconfig */,
				80861D8957637A7F5C4891CB /* Pods-nextStudentsTests.debug.xcconfig */,
				3DB55472B5DB6363850ACD9A /* Pods-nextStudentsTests.release.xcconfig */,
			);
			path = Pods;
			sourceTree = "<group>";
		};
/* End PBXGroup section */

/* Begin PBXNativeTarget section */
		2260843024700BD700D30E81 /* nextStudents */ = {
			isa = PBXNativeTarget;
			buildConfigurationList = 2260844724700BDB00D30E81 /* Build configuration list for PBXNativeTarget "nextStudents" */;
			buildPhases = (
				643F3D744D228A65A6621288 /* [CP] Check Pods Manifest.lock */,
				2260842D24700BD700D30E81 /* Sources */,
				2260842E24700BD700D30E81 /* Frameworks */,
				2260842F24700BD700D30E81 /* Resources */,
				D5B9BA475F128E42A78B8AFD /* [CP] Embed Pods Frameworks */,
				296C76B7BBB247AFEEC9CF5E /* [CP] Copy Pods Resources */,
			);
			buildRules = (
			);
			dependencies = (
			);
			name = nextStudents;
			productName = Neighbors;
			productReference = 2260843124700BD700D30E81 /* nextStudents.app */;
			productType = "com.apple.product-type.application";
		};
		22CE93E624ADCF85001287C1 /* nextStudentsTests */ = {
			isa = PBXNativeTarget;
			buildConfigurationList = 22CE93F024ADCF85001287C1 /* Build configuration list for PBXNativeTarget "nextStudentsTests" */;
			buildPhases = (
				8106E0BC31B2CC70A20B4C49 /* [CP] Check Pods Manifest.lock */,
				22CE93E324ADCF85001287C1 /* Sources */,
				22CE93E424ADCF85001287C1 /* Frameworks */,
				22CE93E524ADCF85001287C1 /* Resources */,
				676B06BEBFBC0E0DAEEFB90C /* [CP] Embed Pods Frameworks */,
				1FE02279BF22671ACCF88A5C /* [CP] Copy Pods Resources */,
			);
			buildRules = (
			);
			dependencies = (
				22CE93ED24ADCF85001287C1 /* PBXTargetDependency */,
			);
			name = nextStudentsTests;
			productName = nextDoorTests;
			productReference = 22CE93E724ADCF85001287C1 /* nextStudentsTests.xctest */;
			productType = "com.apple.product-type.bundle.unit-test";
		};
/* End PBXNativeTarget section */

/* Begin PBXProject section */
		2260842924700BD700D30E81 /* Project object */ = {
			isa = PBXProject;
			attributes = {
				LastSwiftUpdateCheck = 1150;
				LastUpgradeCheck = 1140;
				ORGANIZATIONNAME = "Tim Kohlstadt";
				TargetAttributes = {
					2260843024700BD700D30E81 = {
						CreatedOnToolsVersion = 11.4.1;
					};
					22CE93E624ADCF85001287C1 = {
						CreatedOnToolsVersion = 11.5;
						TestTargetID = 2260843024700BD700D30E81;
					};
				};
			};
			buildConfigurationList = 2260842C24700BD700D30E81 /* Build configuration list for PBXProject "nextStudents" */;
			compatibilityVersion = "Xcode 9.3";
			developmentRegion = en;
			hasScannedForEncodings = 0;
			knownRegions = (
				en,
				Base,
			);
			mainGroup = 2260842824700BD700D30E81;
			productRefGroup = 2260843224700BD700D30E81 /* Products */;
			projectDirPath = "";
			projectRoot = "";
			targets = (
				2260843024700BD700D30E81 /* nextStudents */,
				22CE93E624ADCF85001287C1 /* nextStudentsTests */,
			);
		};
/* End PBXProject section */

/* Begin PBXResourcesBuildPhase section */
		2260842F24700BD700D30E81 /* Resources */ = {
			isa = PBXResourcesBuildPhase;
			buildActionMask = 2147483647;
			files = (
				22ECD966249F860A002B8F82 /* OpenSans-BoldItalic.ttf in Resources */,
				22739EDB24AA614600D27D8A /* Neighbors.storyboard in Resources */,
				22ECD969249F860A002B8F82 /* OpenSans-SemiboldItalic.ttf in Resources */,
				22ECD965249F860A002B8F82 /* OpenSans-Regular.ttf in Resources */,
				22ECD968249F860A002B8F82 /* OpenSans-Bold.ttf in Resources */,
				22ECD96D249F860A002B8F82 /* OpenSans-Italic.ttf in Resources */,
				22739EDD24AA62CA00D27D8A /* Chats.storyboard in Resources */,
				22ECD967249F860A002B8F82 /* OpenSans-LightItalic.ttf in Resources */,
				22739ED924AA604500D27D8A /* Sortable.storyboard in Resources */,
				2260844324700BDB00D30E81 /* LaunchScreen.storyboard in Resources */,
				22ECD96C249F860A002B8F82 /* OpenSans-Light.ttf in Resources */,
				8F0B560A248C059700703F0A /* GoogleService-Info.plist in Resources */,
				22739ED324AA460E00D27D8A /* Settings.storyboard in Resources */,
				2260844024700BDB00D30E81 /* Assets.xcassets in Resources */,
				22739EE524AA673600D27D8A /* Offers.storyboard in Resources */,
				22DDE23424CA1B3400232DF2 /* FullScreenImageViewController.xib in Resources */,
				2260843E24700BD700D30E81 /* Main.storyboard in Resources */,
				22ECD96B249F860A002B8F82 /* OpenSans-ExtraBoldItalic.ttf in Resources */,
				22ECD96E249F860A002B8F82 /* OpenSans-Semibold.ttf in Resources */,
				22ECD96A249F860A002B8F82 /* OpenSans-ExtraBold.ttf in Resources */,
			);
			runOnlyForDeploymentPostprocessing = 0;
		};
		22CE93E524ADCF85001287C1 /* Resources */ = {
			isa = PBXResourcesBuildPhase;
			buildActionMask = 2147483647;
			files = (
			);
			runOnlyForDeploymentPostprocessing = 0;
		};
/* End PBXResourcesBuildPhase section */

/* Begin PBXShellScriptBuildPhase section */
		1FE02279BF22671ACCF88A5C /* [CP] Copy Pods Resources */ = {
			isa = PBXShellScriptBuildPhase;
			buildActionMask = 2147483647;
			files = (
			);
			inputFileListPaths = (
				"${PODS_ROOT}/Target Support Files/Pods-nextStudentsTests/Pods-nextStudentsTests-resources-${CONFIGURATION}-input-files.xcfilelist",
			);
			name = "[CP] Copy Pods Resources";
			outputFileListPaths = (
				"${PODS_ROOT}/Target Support Files/Pods-nextStudentsTests/Pods-nextStudentsTests-resources-${CONFIGURATION}-output-files.xcfilelist",
			);
			runOnlyForDeploymentPostprocessing = 0;
			shellPath = /bin/sh;
			shellScript = "\"${PODS_ROOT}/Target Support Files/Pods-nextStudentsTests/Pods-nextStudentsTests-resources.sh\"\n";
			showEnvVarsInLog = 0;
		};
		296C76B7BBB247AFEEC9CF5E /* [CP] Copy Pods Resources */ = {
			isa = PBXShellScriptBuildPhase;
			buildActionMask = 2147483647;
			files = (
			);
			inputFileListPaths = (
				"${PODS_ROOT}/Target Support Files/Pods-nextStudents/Pods-nextStudents-resources-${CONFIGURATION}-input-files.xcfilelist",
			);
			name = "[CP] Copy Pods Resources";
			outputFileListPaths = (
				"${PODS_ROOT}/Target Support Files/Pods-nextStudents/Pods-nextStudents-resources-${CONFIGURATION}-output-files.xcfilelist",
			);
			runOnlyForDeploymentPostprocessing = 0;
			shellPath = /bin/sh;
			shellScript = "\"${PODS_ROOT}/Target Support Files/Pods-nextStudents/Pods-nextStudents-resources.sh\"\n";
			showEnvVarsInLog = 0;
		};
		643F3D744D228A65A6621288 /* [CP] Check Pods Manifest.lock */ = {
			isa = PBXShellScriptBuildPhase;
			buildActionMask = 2147483647;
			files = (
			);
			inputFileListPaths = (
			);
			inputPaths = (
				"${PODS_PODFILE_DIR_PATH}/Podfile.lock",
				"${PODS_ROOT}/Manifest.lock",
			);
			name = "[CP] Check Pods Manifest.lock";
			outputFileListPaths = (
			);
			outputPaths = (
				"$(DERIVED_FILE_DIR)/Pods-nextStudents-checkManifestLockResult.txt",
			);
			runOnlyForDeploymentPostprocessing = 0;
			shellPath = /bin/sh;
			shellScript = "diff \"${PODS_PODFILE_DIR_PATH}/Podfile.lock\" \"${PODS_ROOT}/Manifest.lock\" > /dev/null\nif [ $? != 0 ] ; then\n    # print error to STDERR\n    echo \"error: The sandbox is not in sync with the Podfile.lock. Run 'pod install' or update your CocoaPods installation.\" >&2\n    exit 1\nfi\n# This output is used by Xcode 'outputs' to avoid re-running this script phase.\necho \"SUCCESS\" > \"${SCRIPT_OUTPUT_FILE_0}\"\n";
			showEnvVarsInLog = 0;
		};
		676B06BEBFBC0E0DAEEFB90C /* [CP] Embed Pods Frameworks */ = {
			isa = PBXShellScriptBuildPhase;
			buildActionMask = 2147483647;
			files = (
			);
			inputFileListPaths = (
				"${PODS_ROOT}/Target Support Files/Pods-nextStudentsTests/Pods-nextStudentsTests-frameworks-${CONFIGURATION}-input-files.xcfilelist",
			);
			name = "[CP] Embed Pods Frameworks";
			outputFileListPaths = (
				"${PODS_ROOT}/Target Support Files/Pods-nextStudentsTests/Pods-nextStudentsTests-frameworks-${CONFIGURATION}-output-files.xcfilelist",
			);
			runOnlyForDeploymentPostprocessing = 0;
			shellPath = /bin/sh;
			shellScript = "\"${PODS_ROOT}/Target Support Files/Pods-nextStudentsTests/Pods-nextStudentsTests-frameworks.sh\"\n";
			showEnvVarsInLog = 0;
		};
		8106E0BC31B2CC70A20B4C49 /* [CP] Check Pods Manifest.lock */ = {
			isa = PBXShellScriptBuildPhase;
			buildActionMask = 2147483647;
			files = (
			);
			inputFileListPaths = (
			);
			inputPaths = (
				"${PODS_PODFILE_DIR_PATH}/Podfile.lock",
				"${PODS_ROOT}/Manifest.lock",
			);
			name = "[CP] Check Pods Manifest.lock";
			outputFileListPaths = (
			);
			outputPaths = (
				"$(DERIVED_FILE_DIR)/Pods-nextStudentsTests-checkManifestLockResult.txt",
			);
			runOnlyForDeploymentPostprocessing = 0;
			shellPath = /bin/sh;
			shellScript = "diff \"${PODS_PODFILE_DIR_PATH}/Podfile.lock\" \"${PODS_ROOT}/Manifest.lock\" > /dev/null\nif [ $? != 0 ] ; then\n    # print error to STDERR\n    echo \"error: The sandbox is not in sync with the Podfile.lock. Run 'pod install' or update your CocoaPods installation.\" >&2\n    exit 1\nfi\n# This output is used by Xcode 'outputs' to avoid re-running this script phase.\necho \"SUCCESS\" > \"${SCRIPT_OUTPUT_FILE_0}\"\n";
			showEnvVarsInLog = 0;
		};
		D5B9BA475F128E42A78B8AFD /* [CP] Embed Pods Frameworks */ = {
			isa = PBXShellScriptBuildPhase;
			buildActionMask = 2147483647;
			files = (
			);
			inputFileListPaths = (
				"${PODS_ROOT}/Target Support Files/Pods-nextStudents/Pods-nextStudents-frameworks-${CONFIGURATION}-input-files.xcfilelist",
			);
			name = "[CP] Embed Pods Frameworks";
			outputFileListPaths = (
				"${PODS_ROOT}/Target Support Files/Pods-nextStudents/Pods-nextStudents-frameworks-${CONFIGURATION}-output-files.xcfilelist",
			);
			runOnlyForDeploymentPostprocessing = 0;
			shellPath = /bin/sh;
			shellScript = "\"${PODS_ROOT}/Target Support Files/Pods-nextStudents/Pods-nextStudents-frameworks.sh\"\n";
			showEnvVarsInLog = 0;
		};
/* End PBXShellScriptBuildPhase section */

/* Begin PBXSourcesBuildPhase section */
		2260842D24700BD700D30E81 /* Sources */ = {
			isa = PBXSourcesBuildPhase;
			buildActionMask = 2147483647;
			files = (
				8F250FCD2494D33B00A6CD39 /* OfferEditTableViewController.swift in Sources */,
				221A0CD524781BF700A46E1E /* User.swift in Sources */,
				8F5981D4248AAA7F0019C3BD /* LoginViewController.swift in Sources */,
				2253260924753B1E00B35802 /* OfferTableViewController.swift in Sources */,
				221B08922487A54C00CE8A9B /* Offer.swift in Sources */,
				221B08902487A2F800CE8A9B /* OffersTableViewController.swift in Sources */,
				8F1F630524C0464600DF70BD /* NeighborPopOverController.swift in Sources */,
				8F0B560E248FA60B00703F0A /* MainController.swift in Sources */,
				22AAADC02491654300542F5E /* Message.swift in Sources */,
				8F24BCBC24C6F659002FF456 /* OfferPopOverController.swift in Sources */,
				22ECD957249F6FAD002B8F82 /* Fonts.swift in Sources */,
				8F22337C24A62148003EC2D4 /* SortTableViewController.swift in Sources */,
				8FC6C4EB2488E7C200572566 /* PasswordViewController.swift in Sources */,
				8FC6C4E92488E7A700572566 /* ProfileViewController.swift in Sources */,
				226DC60024916A5600C30B4A /* ChatsTableViewController.swift in Sources */,
				8F803B5D248BA0730026E9E7 /* RegistrationViewController.swift in Sources */,
				8F22337E24A63057003EC2D4 /* ContainerViewController.swift in Sources */,
				226F1C0B2490DA5F007F709D /* NeighborTableViewController.swift in Sources */,
				22AAADC22491657C00542F5E /* Chat.swift in Sources */,
				221B088E2487098A00CE8A9B /* NeighborsTableViewController.swift in Sources */,
				8F03AEB124CB449A000D815D /* RequestsTableViewController.swift in Sources */,
				8F031AC5248A967A00EC0F02 /* ChatViewController.swift in Sources */,
				2260843524700BD700D30E81 /* AppDelegate.swift in Sources */,
				2260843724700BD700D30E81 /* SceneDelegate.swift in Sources */,
				8F22338024A8A03B003EC2D4 /* SortableTableViewController.swift in Sources */,
				8FCADB93249CC67000795221 /* SliderTextComponent.swift in Sources */,
				221860ED24C1989000490A80 /* Utility.swift in Sources */,
				8FC6C4E7248808A900572566 /* SettingsTableViewController.swift in Sources */,
				22DDE23624CA1F6600232DF2 /* FullScreenImageViewController.swift in Sources */,
			);
			runOnlyForDeploymentPostprocessing = 0;
		};
		22CE93E324ADCF85001287C1 /* Sources */ = {
			isa = PBXSourcesBuildPhase;
			buildActionMask = 2147483647;
			files = (
				22FC0FA624C47156008DA855 /* Offer.swift in Sources */,
				22FC0FA124C46931008DA855 /* OfferTests.swift in Sources */,
				22FC0FA524C46951008DA855 /* MessageTests.swift in Sources */,
				22FC0FA824C49299008DA855 /* Message.swift in Sources */,
				221860F824C1DA3300490A80 /* UserTests.swift in Sources */,
				22FC0FA724C48290008DA855 /* Chat.swift in Sources */,
				22FC0F9F24C46768008DA855 /* User.swift in Sources */,
				22FC0FA324C46943008DA855 /* ChatTests.swift in Sources */,
			);
			runOnlyForDeploymentPostprocessing = 0;
		};
/* End PBXSourcesBuildPhase section */

/* Begin PBXTargetDependency section */
		22CE93ED24ADCF85001287C1 /* PBXTargetDependency */ = {
			isa = PBXTargetDependency;
			target = 2260843024700BD700D30E81 /* nextStudents */;
			targetProxy = 22CE93EC24ADCF85001287C1 /* PBXContainerItemProxy */;
		};
/* End PBXTargetDependency section */

/* Begin PBXVariantGroup section */
		2260843C24700BD700D30E81 /* Main.storyboard */ = {
			isa = PBXVariantGroup;
			children = (
				2260843D24700BD700D30E81 /* Base */,
			);
			name = Main.storyboard;
			sourceTree = "<group>";
		};
		2260844124700BDB00D30E81 /* LaunchScreen.storyboard */ = {
			isa = PBXVariantGroup;
			children = (
				2260844224700BDB00D30E81 /* Base */,
			);
			name = LaunchScreen.storyboard;
			sourceTree = "<group>";
		};
/* End PBXVariantGroup section */

/* Begin XCBuildConfiguration section */
		2260844524700BDB00D30E81 /* Debug */ = {
			isa = XCBuildConfiguration;
			buildSettings = {
				ALWAYS_SEARCH_USER_PATHS = NO;
				CLANG_ANALYZER_NONNULL = YES;
				CLANG_ANALYZER_NUMBER_OBJECT_CONVERSION = YES_AGGRESSIVE;
				CLANG_CXX_LANGUAGE_STANDARD = "gnu++14";
				CLANG_CXX_LIBRARY = "libc++";
				CLANG_ENABLE_MODULES = YES;
				CLANG_ENABLE_OBJC_ARC = YES;
				CLANG_ENABLE_OBJC_WEAK = YES;
				CLANG_WARN_BLOCK_CAPTURE_AUTORELEASING = YES;
				CLANG_WARN_BOOL_CONVERSION = YES;
				CLANG_WARN_COMMA = YES;
				CLANG_WARN_CONSTANT_CONVERSION = YES;
				CLANG_WARN_DEPRECATED_OBJC_IMPLEMENTATIONS = YES;
				CLANG_WARN_DIRECT_OBJC_ISA_USAGE = YES_ERROR;
				CLANG_WARN_DOCUMENTATION_COMMENTS = YES;
				CLANG_WARN_EMPTY_BODY = YES;
				CLANG_WARN_ENUM_CONVERSION = YES;
				CLANG_WARN_INFINITE_RECURSION = YES;
				CLANG_WARN_INT_CONVERSION = YES;
				CLANG_WARN_NON_LITERAL_NULL_CONVERSION = YES;
				CLANG_WARN_OBJC_IMPLICIT_RETAIN_SELF = YES;
				CLANG_WARN_OBJC_LITERAL_CONVERSION = YES;
				CLANG_WARN_OBJC_ROOT_CLASS = YES_ERROR;
				CLANG_WARN_RANGE_LOOP_ANALYSIS = YES;
				CLANG_WARN_STRICT_PROTOTYPES = YES;
				CLANG_WARN_SUSPICIOUS_MOVE = YES;
				CLANG_WARN_UNGUARDED_AVAILABILITY = YES_AGGRESSIVE;
				CLANG_WARN_UNREACHABLE_CODE = YES;
				CLANG_WARN__DUPLICATE_METHOD_MATCH = YES;
				COPY_PHASE_STRIP = NO;
				DEBUG_INFORMATION_FORMAT = dwarf;
				ENABLE_STRICT_OBJC_MSGSEND = YES;
				ENABLE_TESTABILITY = YES;
				GCC_C_LANGUAGE_STANDARD = gnu11;
				GCC_DYNAMIC_NO_PIC = NO;
				GCC_NO_COMMON_BLOCKS = YES;
				GCC_OPTIMIZATION_LEVEL = 0;
				GCC_PREPROCESSOR_DEFINITIONS = (
					"DEBUG=1",
					"$(inherited)",
				);
				GCC_WARN_64_TO_32_BIT_CONVERSION = YES;
				GCC_WARN_ABOUT_RETURN_TYPE = YES_ERROR;
				GCC_WARN_UNDECLARED_SELECTOR = YES;
				GCC_WARN_UNINITIALIZED_AUTOS = YES_AGGRESSIVE;
				GCC_WARN_UNUSED_FUNCTION = YES;
				GCC_WARN_UNUSED_VARIABLE = YES;
				IPHONEOS_DEPLOYMENT_TARGET = 13.4;
				MTL_ENABLE_DEBUG_INFO = INCLUDE_SOURCE;
				MTL_FAST_MATH = YES;
				ONLY_ACTIVE_ARCH = YES;
				SDKROOT = iphoneos;
				SWIFT_ACTIVE_COMPILATION_CONDITIONS = DEBUG;
				SWIFT_OPTIMIZATION_LEVEL = "-Onone";
			};
			name = Debug;
		};
		2260844624700BDB00D30E81 /* Release */ = {
			isa = XCBuildConfiguration;
			buildSettings = {
				ALWAYS_SEARCH_USER_PATHS = NO;
				CLANG_ANALYZER_NONNULL = YES;
				CLANG_ANALYZER_NUMBER_OBJECT_CONVERSION = YES_AGGRESSIVE;
				CLANG_CXX_LANGUAGE_STANDARD = "gnu++14";
				CLANG_CXX_LIBRARY = "libc++";
				CLANG_ENABLE_MODULES = YES;
				CLANG_ENABLE_OBJC_ARC = YES;
				CLANG_ENABLE_OBJC_WEAK = YES;
				CLANG_WARN_BLOCK_CAPTURE_AUTORELEASING = YES;
				CLANG_WARN_BOOL_CONVERSION = YES;
				CLANG_WARN_COMMA = YES;
				CLANG_WARN_CONSTANT_CONVERSION = YES;
				CLANG_WARN_DEPRECATED_OBJC_IMPLEMENTATIONS = YES;
				CLANG_WARN_DIRECT_OBJC_ISA_USAGE = YES_ERROR;
				CLANG_WARN_DOCUMENTATION_COMMENTS = YES;
				CLANG_WARN_EMPTY_BODY = YES;
				CLANG_WARN_ENUM_CONVERSION = YES;
				CLANG_WARN_INFINITE_RECURSION = YES;
				CLANG_WARN_INT_CONVERSION = YES;
				CLANG_WARN_NON_LITERAL_NULL_CONVERSION = YES;
				CLANG_WARN_OBJC_IMPLICIT_RETAIN_SELF = YES;
				CLANG_WARN_OBJC_LITERAL_CONVERSION = YES;
				CLANG_WARN_OBJC_ROOT_CLASS = YES_ERROR;
				CLANG_WARN_RANGE_LOOP_ANALYSIS = YES;
				CLANG_WARN_STRICT_PROTOTYPES = YES;
				CLANG_WARN_SUSPICIOUS_MOVE = YES;
				CLANG_WARN_UNGUARDED_AVAILABILITY = YES_AGGRESSIVE;
				CLANG_WARN_UNREACHABLE_CODE = YES;
				CLANG_WARN__DUPLICATE_METHOD_MATCH = YES;
				COPY_PHASE_STRIP = NO;
				DEBUG_INFORMATION_FORMAT = "dwarf-with-dsym";
				ENABLE_NS_ASSERTIONS = NO;
				ENABLE_STRICT_OBJC_MSGSEND = YES;
				GCC_C_LANGUAGE_STANDARD = gnu11;
				GCC_NO_COMMON_BLOCKS = YES;
				GCC_WARN_64_TO_32_BIT_CONVERSION = YES;
				GCC_WARN_ABOUT_RETURN_TYPE = YES_ERROR;
				GCC_WARN_UNDECLARED_SELECTOR = YES;
				GCC_WARN_UNINITIALIZED_AUTOS = YES_AGGRESSIVE;
				GCC_WARN_UNUSED_FUNCTION = YES;
				GCC_WARN_UNUSED_VARIABLE = YES;
				IPHONEOS_DEPLOYMENT_TARGET = 13.4;
				MTL_ENABLE_DEBUG_INFO = NO;
				MTL_FAST_MATH = YES;
				SDKROOT = iphoneos;
				SWIFT_COMPILATION_MODE = wholemodule;
				SWIFT_OPTIMIZATION_LEVEL = "-O";
				VALIDATE_PRODUCT = YES;
			};
			name = Release;
		};
		2260844824700BDB00D30E81 /* Debug */ = {
			isa = XCBuildConfiguration;
			baseConfigurationReference = 42D29CEC6655A563017987B6 /* Pods-nextStudents.debug.xcconfig */;
			buildSettings = {
				ASSETCATALOG_COMPILER_APPICON_NAME = AppIcon;
				CODE_SIGN_STYLE = Automatic;
				DEVELOPMENT_TEAM = F2ZH5CX4BX;
				INFOPLIST_FILE = nextStudents/Info.plist;
				IPHONEOS_DEPLOYMENT_TARGET = 13.5;
				LD_RUNPATH_SEARCH_PATHS = (
					"$(inherited)",
					"@executable_path/Frameworks",
				);
				PRODUCT_BUNDLE_IDENTIFIER = tim.kohlstadt.nextStudents;
				PRODUCT_NAME = "$(TARGET_NAME)";
				SWIFT_VERSION = 5.0;
				TARGETED_DEVICE_FAMILY = 1;
			};
			name = Debug;
		};
		2260844924700BDB00D30E81 /* Release */ = {
			isa = XCBuildConfiguration;
			baseConfigurationReference = FF4BA74089841653DF8E5AFB /* Pods-nextStudents.release.xcconfig */;
			buildSettings = {
				ASSETCATALOG_COMPILER_APPICON_NAME = AppIcon;
				CODE_SIGN_STYLE = Automatic;
				DEVELOPMENT_TEAM = F2ZH5CX4BX;
				INFOPLIST_FILE = nextStudents/Info.plist;
				IPHONEOS_DEPLOYMENT_TARGET = 13.5;
				LD_RUNPATH_SEARCH_PATHS = (
					"$(inherited)",
					"@executable_path/Frameworks",
				);
				PRODUCT_BUNDLE_IDENTIFIER = tim.kohlstadt.nextStudents;
				PRODUCT_NAME = "$(TARGET_NAME)";
				SWIFT_VERSION = 5.0;
				TARGETED_DEVICE_FAMILY = 1;
			};
			name = Release;
		};
		22CE93EE24ADCF85001287C1 /* Debug */ = {
			isa = XCBuildConfiguration;
			baseConfigurationReference = 80861D8957637A7F5C4891CB /* Pods-nextStudentsTests.debug.xcconfig */;
			buildSettings = {
				BUNDLE_LOADER = "$(TEST_HOST)";
				CODE_SIGN_STYLE = Automatic;
				DEVELOPMENT_TEAM = F2ZH5CX4BX;
				INFOPLIST_FILE = nextStudentsTests/Info.plist;
				IPHONEOS_DEPLOYMENT_TARGET = 13.5;
				LD_RUNPATH_SEARCH_PATHS = (
					"$(inherited)",
					"@executable_path/Frameworks",
					"@loader_path/Frameworks",
				);
				PRODUCT_BUNDLE_IDENTIFIER = tim.kohlstadt.nextStudentTests;
				PRODUCT_NAME = "$(TARGET_NAME)";
				SWIFT_VERSION = 5.0;
				TARGETED_DEVICE_FAMILY = "1,2";
				TEST_HOST = "$(BUILT_PRODUCTS_DIR)/nextStudents.app/nextStudents";
			};
			name = Debug;
		};
		22CE93EF24ADCF85001287C1 /* Release */ = {
			isa = XCBuildConfiguration;
			baseConfigurationReference = 3DB55472B5DB6363850ACD9A /* Pods-nextStudentsTests.release.xcconfig */;
			buildSettings = {
				BUNDLE_LOADER = "$(TEST_HOST)";
				CODE_SIGN_STYLE = Automatic;
				DEVELOPMENT_TEAM = F2ZH5CX4BX;
				INFOPLIST_FILE = nextStudentsTests/Info.plist;
				IPHONEOS_DEPLOYMENT_TARGET = 13.5;
				LD_RUNPATH_SEARCH_PATHS = (
					"$(inherited)",
					"@executable_path/Frameworks",
					"@loader_path/Frameworks",
				);
				PRODUCT_BUNDLE_IDENTIFIER = tim.kohlstadt.nextStudentTests;
				PRODUCT_NAME = "$(TARGET_NAME)";
				SWIFT_VERSION = 5.0;
				TARGETED_DEVICE_FAMILY = "1,2";
				TEST_HOST = "$(BUILT_PRODUCTS_DIR)/nextStudents.app/nextStudents";
			};
			name = Release;
		};
/* End XCBuildConfiguration section */

/* Begin XCConfigurationList section */
		2260842C24700BD700D30E81 /* Build configuration list for PBXProject "nextStudents" */ = {
			isa = XCConfigurationList;
			buildConfigurations = (
				2260844524700BDB00D30E81 /* Debug */,
				2260844624700BDB00D30E81 /* Release */,
			);
			defaultConfigurationIsVisible = 0;
			defaultConfigurationName = Release;
		};
		2260844724700BDB00D30E81 /* Build configuration list for PBXNativeTarget "nextStudents" */ = {
			isa = XCConfigurationList;
			buildConfigurations = (
				2260844824700BDB00D30E81 /* Debug */,
				2260844924700BDB00D30E81 /* Release */,
			);
			defaultConfigurationIsVisible = 0;
			defaultConfigurationName = Release;
		};
		22CE93F024ADCF85001287C1 /* Build configuration list for PBXNativeTarget "nextStudentsTests" */ = {
			isa = XCConfigurationList;
			buildConfigurations = (
				22CE93EE24ADCF85001287C1 /* Debug */,
				22CE93EF24ADCF85001287C1 /* Release */,
			);
			defaultConfigurationIsVisible = 0;
			defaultConfigurationName = Release;
		};
/* End XCConfigurationList section */
	};
	rootObject = 2260842924700BD700D30E81 /* Project object */;
}
